
Microsoft Visual Studio Solution File, Format Version 12.00
# Visual Studio Version 17
VisualStudioVersion = 17.9.34701.34
MinimumVisualStudioVersion = 10.0.40219.1
Project("{FAE04EC0-301F-11D3-BF4B-00C04F79EFBC}") = "AplicatieGestiuneLemn", "AplicatieGestiuneLemn\AplicatieGestiuneLemn.csproj", "{A21B4F2F-E87A-4E0F-BBAC-B6C30282F762}"
EndProject
Global
	GlobalSection(SolutionConfigurationPlatforms) = preSolution
		Debug|Any CPU = Debug|Any CPU
		Release|Any CPU = Release|Any CPU
	EndGlobalSection
	GlobalSection(ProjectConfigurationPlatforms) = postSolution
		{A21B4F2F-E87A-4E0F-BBAC-B6C30282F762}.Debug|Any CPU.ActiveCfg = Debug|Any CPU
		{A21B4F2F-E87A-4E0F-BBAC-B6C30282F762}.Debug|Any CPU.Build.0 = Debug|Any CPU
		{A21B4F2F-E87A-4E0F-BBAC-B6C30282F762}.Release|Any CPU.ActiveCfg = Release|Any CPU
		{A21B4F2F-E87A-4E0F-BBAC-B6C30282F762}.Release|Any CPU.Build.0 = Release|Any CPU
	EndGlobalSection
	GlobalSection(SolutionProperties) = preSolution
		HideSolutionNode = FALSE
	EndGlobalSection
	GlobalSection(ExtensibilityGlobals) = postSolution
		SolutionGuid = {BEF4E750-8490-457F-8C7C-E448846DAEB6}
	EndGlobalSection
EndGlobal
